// !$*UTF8*$!
{
	archiveVersion = 1;
	classes = {
	};
	objectVersion = 55;
	objects = {

/* Begin PBXBuildFile section */
		B9369B462806CAF8009E1219 /* UIView+.swift in Sources */ = {isa = PBXBuildFile; fileRef = B9369B452806CAF8009E1219 /* UIView+.swift */; };
		B9A95FA027AC6BFE008DC303 /* AppDelegate.swift in Sources */ = {isa = PBXBuildFile; fileRef = B9A95F9F27AC6BFE008DC303 /* AppDelegate.swift */; };
		B9A95FA227AC6BFE008DC303 /* SceneDelegate.swift in Sources */ = {isa = PBXBuildFile; fileRef = B9A95FA127AC6BFE008DC303 /* SceneDelegate.swift */; };
		B9A95FA427AC6BFE008DC303 /* ViewController.swift in Sources */ = {isa = PBXBuildFile; fileRef = B9A95FA327AC6BFE008DC303 /* ViewController.swift */; };
		B9A95FA727AC6BFE008DC303 /* Main.storyboard in Resources */ = {isa = PBXBuildFile; fileRef = B9A95FA527AC6BFE008DC303 /* Main.storyboard */; };
		B9A95FA927AC6BFF008DC303 /* Assets.xcassets in Resources */ = {isa = PBXBuildFile; fileRef = B9A95FA827AC6BFF008DC303 /* Assets.xcassets */; };
		B9A95FAC27AC6BFF008DC303 /* LaunchScreen.storyboard in Resources */ = {isa = PBXBuildFile; fileRef = B9A95FAA27AC6BFF008DC303 /* LaunchScreen.storyboard */; };
		B9F8020028045E99001256E0 /* XMLStringStyles.swift in Sources */ = {isa = PBXBuildFile; fileRef = B9F801FF28045E99001256E0 /* XMLStringStyles.swift */; };
		B9FA2DCA27AC6C3C00EB3560 /* SmartString in Frameworks */ = {isa = PBXBuildFile; productRef = B9FA2DC927AC6C3C00EB3560 /* SmartString */; };
/* End PBXBuildFile section */

/* Begin PBXFileReference section */
		B9369B452806CAF8009E1219 /* UIView+.swift */ = {isa = PBXFileReference; lastKnownFileType = sourcecode.swift; path = "UIView+.swift"; sourceTree = "<group>"; };
		B9A95F9C27AC6BFE008DC303 /* SmartStringDemo.app */ = {isa = PBXFileReference; explicitFileType = wrapper.application; includeInIndex = 0; path = SmartStringDemo.app; sourceTree = BUILT_PRODUCTS_DIR; };
		B9A95F9F27AC6BFE008DC303 /* AppDelegate.swift */ = {isa = PBXFileReference; lastKnownFileType = sourcecode.swift; path = AppDelegate.swift; sourceTree = "<group>"; };
		B9A95FA127AC6BFE008DC303 /* SceneDelegate.swift */ = {isa = PBXFileReference; lastKnownFileType = sourcecode.swift; path = SceneDelegate.swift; sourceTree = "<group>"; };
		B9A95FA327AC6BFE008DC303 /* ViewController.swift */ = {isa = PBXFileReference; lastKnownFileType = sourcecode.swift; path = ViewController.swift; sourceTree = "<group>"; };
		B9A95FA627AC6BFE008DC303 /* Base */ = {isa = PBXFileReference; lastKnownFileType = file.storyboard; name = Base; path = Base.lproj/Main.storyboard; sourceTree = "<group>"; };
		B9A95FA827AC6BFF008DC303 /* Assets.xcassets */ = {isa = PBXFileReference; lastKnownFileType = folder.assetcatalog; path = Assets.xcassets; sourceTree = "<group>"; };
		B9A95FAB27AC6BFF008DC303 /* Base */ = {isa = PBXFileReference; lastKnownFileType = file.storyboard; name = Base; path = Base.lproj/LaunchScreen.storyboard; sourceTree = "<group>"; };
		B9A95FAD27AC6BFF008DC303 /* Info.plist */ = {isa = PBXFileReference; lastKnownFileType = text.plist.xml; path = Info.plist; sourceTree = "<group>"; };
		B9F801FF28045E99001256E0 /* XMLStringStyles.swift */ = {isa = PBXFileReference; lastKnownFileType = sourcecode.swift; path = XMLStringStyles.swift; sourceTree = "<group>"; };
/* End PBXFileReference section */

/* Begin PBXFrameworksBuildPhase section */
		B9A95F9927AC6BFE008DC303 /* Frameworks */ = {
			isa = PBXFrameworksBuildPhase;
			buildActionMask = 2147483647;
			files = (
				B9FA2DCA27AC6C3C00EB3560 /* SmartString in Frameworks */,
			);
			runOnlyForDeploymentPostprocessing = 0;
		};
/* End PBXFrameworksBuildPhase section */

/* Begin PBXGroup section */
		B9369B442806CAE9009E1219 /* Extensions */ = {
			isa = PBXGroup;
			children = (
				B9369B452806CAF8009E1219 /* UIView+.swift */,
			);
			path = Extensions;
			sourceTree = "<group>";
		};
		B9A95F9327AC6BFD008DC303 = {
			isa = PBXGroup;
			children = (
				B9F801FF28045E99001256E0 /* XMLStringStyles.swift */,
				B9A95F9E27AC6BFE008DC303 /* SmartStringDemo */,
				B9A95F9D27AC6BFE008DC303 /* Products */,
				B9FA2DC827AC6C3C00EB3560 /* Frameworks */,
			);
			sourceTree = "<group>";
		};
		B9A95F9D27AC6BFE008DC303 /* Products */ = {
			isa = PBXGroup;
			children = (
				B9A95F9C27AC6BFE008DC303 /* SmartStringDemo.app */,
			);
			name = Products;
			sourceTree = "<group>";
		};
		B9A95F9E27AC6BFE008DC303 /* SmartStringDemo */ = {
			isa = PBXGroup;
			children = (
				B9369B442806CAE9009E1219 /* Extensions */,
				B9A95F9F27AC6BFE008DC303 /* AppDelegate.swift */,
				B9A95FA127AC6BFE008DC303 /* SceneDelegate.swift */,
				B9A95FA327AC6BFE008DC303 /* ViewController.swift */,
				B9A95FA527AC6BFE008DC303 /* Main.storyboard */,
				B9A95FA827AC6BFF008DC303 /* Assets.xcassets */,
				B9A95FAA27AC6BFF008DC303 /* LaunchScreen.storyboard */,
				B9A95FAD27AC6BFF008DC303 /* Info.plist */,
			);
			path = SmartStringDemo;
			sourceTree = "<group>";
		};
		B9FA2DC827AC6C3C00EB3560 /* Frameworks */ = {
			isa = PBXGroup;
			children = (
			);
			name = Frameworks;
			sourceTree = "<group>";
		};
/* End PBXGroup section */

/* Begin PBXNativeTarget section */
		B9A95F9B27AC6BFE008DC303 /* SmartStringDemo */ = {
			isa = PBXNativeTarget;
			buildConfigurationList = B9A95FB027AC6BFF008DC303 /* Build configuration list for PBXNativeTarget "SmartStringDemo" */;
			buildPhases = (
				B9A95F9827AC6BFE008DC303 /* Sources */,
				B9A95F9927AC6BFE008DC303 /* Frameworks */,
				B9A95F9A27AC6BFE008DC303 /* Resources */,
			);
			buildRules = (
			);
			dependencies = (
			);
			name = SmartStringDemo;
			packageProductDependencies = (
				B9FA2DC927AC6C3C00EB3560 /* SmartString */,
			);
			productName = SmartStringDemo;
			productReference = B9A95F9C27AC6BFE008DC303 /* SmartStringDemo.app */;
			productType = "com.apple.product-type.application";
		};
/* End PBXNativeTarget section */

/* Begin PBXProject section */
		B9A95F9427AC6BFD008DC303 /* Project object */ = {
			isa = PBXProject;
			attributes = {
				BuildIndependentTargetsInParallel = 1;
				LastSwiftUpdateCheck = 1320;
				LastUpgradeCheck = 1320;
				TargetAttributes = {
					B9A95F9B27AC6BFE008DC303 = {
						CreatedOnToolsVersion = 13.2.1;
					};
				};
			};
			buildConfigurationList = B9A95F9727AC6BFD008DC303 /* Build configuration list for PBXProject "SmartStringDemo" */;
			compatibilityVersion = "Xcode 13.0";
			developmentRegion = en;
			hasScannedForEncodings = 0;
			knownRegions = (
				en,
				Base,
			);
			mainGroup = B9A95F9327AC6BFD008DC303;
			productRefGroup = B9A95F9D27AC6BFE008DC303 /* Products */;
			projectDirPath = "";
			projectRoot = "";
			targets = (
				B9A95F9B27AC6BFE008DC303 /* SmartStringDemo */,
			);
		};
/* End PBXProject section */

/* Begin PBXResourcesBuildPhase section */
		B9A95F9A27AC6BFE008DC303 /* Resources */ = {
			isa = PBXResourcesBuildPhase;
			buildActionMask = 2147483647;
			files = (
				B9A95FAC27AC6BFF008DC303 /* LaunchScreen.storyboard in Resources */,
				B9A95FA927AC6BFF008DC303 /* Assets.xcassets in Resources */,
				B9A95FA727AC6BFE008DC303 /* Main.storyboard in Resources */,
			);
			runOnlyForDeploymentPostprocessing = 0;
		};
/* End PBXResourcesBuildPhase section */

/* Begin PBXSourcesBuildPhase section */
		B9A95F9827AC6BFE008DC303 /* Sources */ = {
			isa = PBXSourcesBuildPhase;
			buildActionMask = 2147483647;
			files = (
				B9F8020028045E99001256E0 /* XMLStringStyles.swift in Sources */,
				B9A95FA427AC6BFE008DC303 /* ViewController.swift in Sources */,
				B9A95FA027AC6BFE008DC303 /* AppDelegate.swift in Sources */,
				B9A95FA227AC6BFE008DC303 /* SceneDelegate.swift in Sources */,
				B9369B462806CAF8009E1219 /* UIView+.swift in Sources */,
			);
			runOnlyForDeploymentPostprocessing = 0;
		};
/* End PBXSourcesBuildPhase section */

/* Begin PBXVariantGroup section */
		B9A95FA527AC6BFE008DC303 /* Main.storyboard */ = {
			isa = PBXVariantGroup;
			children = (
				B9A95FA627AC6BFE008DC303 /* Base */,
			);
			name = Main.storyboard;
			sourceTree = "<group>";
		};
		B9A95FAA27AC6BFF008DC303 /* LaunchScreen.storyboard */ = {
			isa = PBXVariantGroup;
			children = (
				B9A95FAB27AC6BFF008DC303 /* Base */,
			);
			name = LaunchScreen.storyboard;
			sourceTree = "<group>";
		};
/* End PBXVariantGroup section */

/* Begin XCBuildConfiguration section */
		B9A95FAE27AC6BFF008DC303 /* Debug */ = {
			isa = XCBuildConfiguration;
			buildSettings = {
				ALWAYS_SEARCH_USER_PATHS = NO;
				CLANG_ANALYZER_NONNULL = YES;
				CLANG_ANALYZER_NUMBER_OBJECT_CONVERSION = YES_AGGRESSIVE;
				CLANG_CXX_LANGUAGE_STANDARD = "gnu++17";
				CLANG_CXX_LIBRARY = "libc++";
				CLANG_ENABLE_MODULES = YES;
				CLANG_ENABLE_OBJC_ARC = YES;
				CLANG_ENABLE_OBJC_WEAK = YES;
				CLANG_WARN_BLOCK_CAPTURE_AUTORELEASING = YES;
				CLANG_WARN_BOOL_CONVERSION = YES;
				CLANG_WARN_COMMA = YES;
				CLANG_WARN_CONSTANT_CONVERSION = YES;
				CLANG_WARN_DEPRECATED_OBJC_IMPLEMENTATIONS = YES;
				CLANG_WARN_DIRECT_OBJC_ISA_USAGE = YES_ERROR;
				CLANG_WARN_DOCUMENTATION_COMMENTS = YES;
				CLANG_WARN_EMPTY_BODY = YES;
				CLANG_WARN_ENUM_CONVERSION = YES;
				CLANG_WARN_INFINITE_RECURSION = YES;
				CLANG_WARN_INT_CONVERSION = YES;
				CLANG_WARN_NON_LITERAL_NULL_CONVERSION = YES;
				CLANG_WARN_OBJC_IMPLICIT_RETAIN_SELF = YES;
				CLANG_WARN_OBJC_LITERAL_CONVERSION = YES;
				CLANG_WARN_OBJC_ROOT_CLASS = YES_ERROR;
				CLANG_WARN_QUOTED_INCLUDE_IN_FRAMEWORK_HEADER = YES;
				CLANG_WARN_RANGE_LOOP_ANALYSIS = YES;
				CLANG_WARN_STRICT_PROTOTYPES = YES;
				CLANG_WARN_SUSPICIOUS_MOVE = YES;
				CLANG_WARN_UNGUARDED_AVAILABILITY = YES_AGGRESSIVE;
				CLANG_WARN_UNREACHABLE_CODE = YES;
				CLANG_WARN__DUPLICATE_METHOD_MATCH = YES;
				COPY_PHASE_STRIP = NO;
				DEBUG_INFORMATION_FORMAT = dwarf;
				ENABLE_STRICT_OBJC_MSGSEND = YES;
				ENABLE_TESTABILITY = YES;
				GCC_C_LANGUAGE_STANDARD = gnu11;
				GCC_DYNAMIC_NO_PIC = NO;
				GCC_NO_COMMON_BLOCKS = YES;
				GCC_OPTIMIZATION_LEVEL = 0;
				GCC_PREPROCESSOR_DEFINITIONS = (
					"DEBUG=1",
					"$(inherited)",
				);
				GCC_WARN_64_TO_32_BIT_CONVERSION = YES;
				GCC_WARN_ABOUT_RETURN_TYPE = YES_ERROR;
				GCC_WARN_UNDECLARED_SELECTOR = YES;
				GCC_WARN_UNINITIALIZED_AUTOS = YES_AGGRESSIVE;
				GCC_WARN_UNUSED_FUNCTION = YES;
				GCC_WARN_UNUSED_VARIABLE = YES;
				IPHONEOS_DEPLOYMENT_TARGET = 15.2;
				MTL_ENABLE_DEBUG_INFO = INCLUDE_SOURCE;
				MTL_FAST_MATH = YES;
				ONLY_ACTIVE_ARCH = YES;
				SDKROOT = iphoneos;
				SWIFT_ACTIVE_COMPILATION_CONDITIONS = DEBUG;
				SWIFT_OPTIMIZATION_LEVEL = "-Onone";
			};
			name = Debug;
		};
		B9A95FAF27AC6BFF008DC303 /* Release */ = {
			isa = XCBuildConfiguration;
			buildSettings = {
				ALWAYS_SEARCH_USER_PATHS = NO;
				CLANG_ANALYZER_NONNULL = YES;
				CLANG_ANALYZER_NUMBER_OBJECT_CONVERSION = YES_AGGRESSIVE;
				CLANG_CXX_LANGUAGE_STANDARD = "gnu++17";
				CLANG_CXX_LIBRARY = "libc++";
				CLANG_ENABLE_MODULES = YES;
				CLANG_ENABLE_OBJC_ARC = YES;
				CLANG_ENABLE_OBJC_WEAK = YES;
				CLANG_WARN_BLOCK_CAPTURE_AUTORELEASING = YES;
				CLANG_WARN_BOOL_CONVERSION = YES;
				CLANG_WARN_COMMA = YES;
				CLANG_WARN_CONSTANT_CONVERSION = YES;
				CLANG_WARN_DEPRECATED_OBJC_IMPLEMENTATIONS = YES;
				CLANG_WARN_DIRECT_OBJC_ISA_USAGE = YES_ERROR;
				CLANG_WARN_DOCUMENTATION_COMMENTS = YES;
				CLANG_WARN_EMPTY_BODY = YES;
				CLANG_WARN_ENUM_CONVERSION = YES;
				CLANG_WARN_INFINITE_RECURSION = YES;
				CLANG_WARN_INT_CONVERSION = YES;
				CLANG_WARN_NON_LITERAL_NULL_CONVERSION = YES;
				CLANG_WARN_OBJC_IMPLICIT_RETAIN_SELF = YES;
				CLANG_WARN_OBJC_LITERAL_CONVERSION = YES;
				CLANG_WARN_OBJC_ROOT_CLASS = YES_ERROR;
				CLANG_WARN_QUOTED_INCLUDE_IN_FRAMEWORK_HEADER = YES;
				CLANG_WARN_RANGE_LOOP_ANALYSIS = YES;
				CLANG_WARN_STRICT_PROTOTYPES = YES;
				CLANG_WARN_SUSPICIOUS_MOVE = YES;
				CLANG_WARN_UNGUARDED_AVAILABILITY = YES_AGGRESSIVE;
				CLANG_WARN_UNREACHABLE_CODE = YES;
				CLANG_WARN__DUPLICATE_METHOD_MATCH = YES;
				COPY_PHASE_STRIP = NO;
				DEBUG_INFORMATION_FORMAT = "dwarf-with-dsym";
				ENABLE_NS_ASSERTIONS = NO;
				ENABLE_STRICT_OBJC_MSGSEND = YES;
				GCC_C_LANGUAGE_STANDARD = gnu11;
				GCC_NO_COMMON_BLOCKS = YES;
				GCC_WARN_64_TO_32_BIT_CONVERSION = YES;
				GCC_WARN_ABOUT_RETURN_TYPE = YES_ERROR;
				GCC_WARN_UNDECLARED_SELECTOR = YES;
				GCC_WARN_UNINITIALIZED_AUTOS = YES_AGGRESSIVE;
				GCC_WARN_UNUSED_FUNCTION = YES;
				GCC_WARN_UNUSED_VARIABLE = YES;
				IPHONEOS_DEPLOYMENT_TARGET = 15.2;
				MTL_ENABLE_DEBUG_INFO = NO;
				MTL_FAST_MATH = YES;
				SDKROOT = iphoneos;
				SWIFT_COMPILATION_MODE = wholemodule;
				SWIFT_OPTIMIZATION_LEVEL = "-O";
				VALIDATE_PRODUCT = YES;
			};
			name = Release;
		};
		B9A95FB127AC6BFF008DC303 /* Debug */ = {
			isa = XCBuildConfiguration;
			buildSettings = {
				ASSETCATALOG_COMPILER_APPICON_NAME = AppIcon;
				ASSETCATALOG_COMPILER_GLOBAL_ACCENT_COLOR_NAME = AccentColor;
				CODE_SIGN_STYLE = Automatic;
				CURRENT_PROJECT_VERSION = 1;
				DEVELOPMENT_TEAM = E95734YKE3;
				GENERATE_INFOPLIST_FILE = YES;
				INFOPLIST_FILE = SmartStringDemo/Info.plist;
				INFOPLIST_KEY_UIApplicationSupportsIndirectInputEvents = YES;
				INFOPLIST_KEY_UILaunchStoryboardName = LaunchScreen;
				INFOPLIST_KEY_UIMainStoryboardFile = Main;
				INFOPLIST_KEY_UISupportedInterfaceOrientations_iPad = "UIInterfaceOrientationPortrait UIInterfaceOrientationPortraitUpsideDown UIInterfaceOrientationLandscapeLeft UIInterfaceOrientationLandscapeRight";
				INFOPLIST_KEY_UISupportedInterfaceOrientations_iPhone = "UIInterfaceOrientationPortrait UIInterfaceOrientationLandscapeLeft UIInterfaceOrientationLandscapeRight";
				LD_RUNPATH_SEARCH_PATHS = (
					"$(inherited)",
					"@executable_path/Frameworks",
				);
				MARKETING_VERSION = 1.0;
				PRODUCT_BUNDLE_IDENTIFIER = valerio.SmartStringDemo;
				PRODUCT_NAME = "$(TARGET_NAME)";
				SWIFT_EMIT_LOC_STRINGS = YES;
				SWIFT_VERSION = 5.0;
				TARGETED_DEVICE_FAMILY = "1,2";
			};
			name = Debug;
		};
		B9A95FB227AC6BFF008DC303 /* Release */ = {
			isa = XCBuildConfiguration;
			buildSettings = {
				ASSETCATALOG_COMPILER_APPICON_NAME = AppIcon;
				ASSETCATALOG_COMPILER_GLOBAL_ACCENT_COLOR_NAME = AccentColor;
				CODE_SIGN_STYLE = Automatic;
				CURRENT_PROJECT_VERSION = 1;
				DEVELOPMENT_TEAM = E95734YKE3;
				GENERATE_INFOPLIST_FILE = YES;
				INFOPLIST_FILE = SmartStringDemo/Info.plist;
				INFOPLIST_KEY_UIApplicationSupportsIndirectInputEvents = YES;
				INFOPLIST_KEY_UILaunchStoryboardName = LaunchScreen;
				INFOPLIST_KEY_UIMainStoryboardFile = Main;
				INFOPLIST_KEY_UISupportedInterfaceOrientations_iPad = "UIInterfaceOrientationPortrait UIInterfaceOrientationPortraitUpsideDown UIInterfaceOrientationLandscapeLeft UIInterfaceOrientationLandscapeRight";
				INFOPLIST_KEY_UISupportedInterfaceOrientations_iPhone = "UIInterfaceOrientationPortrait UIInterfaceOrientationLandscapeLeft UIInterfaceOrientationLandscapeRight";
				LD_RUNPATH_SEARCH_PATHS = (
					"$(inherited)",
					"@executable_path/Frameworks",
				);
				MARKETING_VERSION = 1.0;
				PRODUCT_BUNDLE_IDENTIFIER = valerio.SmartStringDemo;
				PRODUCT_NAME = "$(TARGET_NAME)";
				SWIFT_EMIT_LOC_STRINGS = YES;
				SWIFT_VERSION = 5.0;
				TARGETED_DEVICE_FAMILY = "1,2";
			};
			name = Release;
		};
/* End XCBuildConfiguration section */

/* Begin XCConfigurationList section */
		B9A95F9727AC6BFD008DC303 /* Build configuration list for PBXProject "SmartStringDemo" */ = {
			isa = XCConfigurationList;
			buildConfigurations = (
				B9A95FAE27AC6BFF008DC303 /* Debug */,
				B9A95FAF27AC6BFF008DC303 /* Release */,
			);
			defaultConfigurationIsVisible = 0;
			defaultConfigurationName = Release;
		};
		B9A95FB027AC6BFF008DC303 /* Build configuration list for PBXNativeTarget "SmartStringDemo" */ = {
			isa = XCConfigurationList;
			buildConfigurations = (
				B9A95FB127AC6BFF008DC303 /* Debug */,
				B9A95FB227AC6BFF008DC303 /* Release */,
			);
			defaultConfigurationIsVisible = 0;
			defaultConfigurationName = Release;
		};
/* End XCConfigurationList section */

/* Begin XCSwiftPackageProductDependency section */
		B9FA2DC927AC6C3C00EB3560 /* SmartString */ = {
			isa = XCSwiftPackageProductDependency;
			productName = SmartString;
		};
/* End XCSwiftPackageProductDependency section */
	};
	rootObject = B9A95F9427AC6BFD008DC303 /* Project object */;
}
